<Solution>
  <Project Path="BLL_FERRETERIA/BLL_FERRETERIA.csproj" Id="f81471af-b6bd-4897-b061-4e117f25cf9b" />
  <Project Path="DAL_FERRETERIA/DAL_FERRETERIA.csproj" Id="3c580a86-8930-40c9-ae40-aad8009a6779" />
  <Project Path="ENTIDADES.FERRETERIA/ENTIDADES.FERRETERIA.csproj" Id="f2e03c15-1e9a-4746-8ad8-515b3b7a9ccb" />
  <Project Path="UI_FERRETERIA/UI_FERRETERIA.csproj" Id="3f97a28b-de9f-4897-81c3-25980002b2c1" />
</Solution>
